
Microsoft Visual Studio Solution File, Format Version 12.00
# Visual Studio Version 16
VisualStudioVersion = 16.0.30611.23
MinimumVisualStudioVersion = 10.0.40219.1
Project("{2150E333-8FDC-42A3-9474-1A3956D46DE8}") = "Services", "Services", "{D1F8751C-6EF8-486C-BC79-F1855BBF4673}"
EndProject
Project("{2150E333-8FDC-42A3-9474-1A3956D46DE8}") = "Catalog", "Catalog", "{6E9FFB4B-AFD8-4ABF-8686-2421B62EF1FA}"
EndProject
Project("{9A19103F-16F7-4668-BE54-9A1E7A4F7556}") = "Catalog.API", "Services\Catalog\Catalog.API\Catalog.API.csproj", "{82316E8F-FD4B-4C70-8112-C8D8BDFD0E6B}"
EndProject
Project("{E53339B2-1760-4266-BCC7-CA923CBCF16C}") = "docker-compose", "docker-compose.dcproj", "{37D49840-19B2-4E2C-BD43-F973C5AC0299}"
EndProject
Project("{2150E333-8FDC-42A3-9474-1A3956D46DE8}") = "Basket", "Basket", "{287D247B-9ABE-4803-ABB4-43FA64B00215}"
EndProject
Project("{9A19103F-16F7-4668-BE54-9A1E7A4F7556}") = "Basket.API", "Services\Basket\Basket.API\Basket.API.csproj", "{AE0601B4-8ED7-44A9-8EA7-5F91DEB36AF1}"
EndProject
Project("{2150E333-8FDC-42A3-9474-1A3956D46DE8}") = "Discount", "Discount", "{CBA1E0A7-76E5-4AB0-A531-0A25D9238599}"
EndProject
Project("{9A19103F-16F7-4668-BE54-9A1E7A4F7556}") = "Discount.API", "Services\Discount\Discount.API\Discount.API.csproj", "{3E850DB4-F08D-4A2E-A0FF-1BBDDD99CCE6}"
EndProject
Project("{9A19103F-16F7-4668-BE54-9A1E7A4F7556}") = "Discount.Grpc", "Services\Discount\Discount.Grpc\Discount.Grpc.csproj", "{9D31CA46-550E-4B07-951B-3BADDC90C77C}"
EndProject
Project("{FAE04EC0-301F-11D3-BF4B-00C04F79EFBC}") = "Ordering.API", "Services\Ordering\Ordering.API\Ordering.API.csproj", "{4F0DA1CE-CB81-4D73-B0E9-E8EF358E7B27}"
EndProject
Project("{2150E333-8FDC-42A3-9474-1A3956D46DE8}") = "Ordering", "Ordering", "{769A9322-7ED4-4278-9FD6-0DAEEE7D0788}"
EndProject
Project("{FAE04EC0-301F-11D3-BF4B-00C04F79EFBC}") = "Ordering.Domain", "Services\Ordering\Ordering.Domain\Ordering.Domain.csproj", "{E7E0EA06-B24A-4867-B748-AADCA97040C2}"
EndProject
Project("{FAE04EC0-301F-11D3-BF4B-00C04F79EFBC}") = "Ordering.Application", "..\Ordering.Application\Ordering.Application.csproj", "{40173ACB-423D-4EDF-A768-2C14734E110B}"
EndProject
Project("{FAE04EC0-301F-11D3-BF4B-00C04F79EFBC}") = "Ordering.Infrastructure", "..\Ordering.Infrastructure\Ordering.Infrastructure.csproj", "{7157457B-2007-4E96-BE14-9E28F685D867}"
EndProject
Global
	GlobalSection(SolutionConfigurationPlatforms) = preSolution
		Debug|Any CPU = Debug|Any CPU
		Release|Any CPU = Release|Any CPU
	EndGlobalSection
	GlobalSection(ProjectConfigurationPlatforms) = postSolution
		{82316E8F-FD4B-4C70-8112-C8D8BDFD0E6B}.Debug|Any CPU.ActiveCfg = Debug|Any CPU
		{82316E8F-FD4B-4C70-8112-C8D8BDFD0E6B}.Debug|Any CPU.Build.0 = Debug|Any CPU
		{82316E8F-FD4B-4C70-8112-C8D8BDFD0E6B}.Release|Any CPU.ActiveCfg = Release|Any CPU
		{82316E8F-FD4B-4C70-8112-C8D8BDFD0E6B}.Release|Any CPU.Build.0 = Release|Any CPU
		{37D49840-19B2-4E2C-BD43-F973C5AC0299}.Debug|Any CPU.ActiveCfg = Debug|Any CPU
		{37D49840-19B2-4E2C-BD43-F973C5AC0299}.Debug|Any CPU.Build.0 = Debug|Any CPU
		{37D49840-19B2-4E2C-BD43-F973C5AC0299}.Release|Any CPU.ActiveCfg = Release|Any CPU
		{37D49840-19B2-4E2C-BD43-F973C5AC0299}.Release|Any CPU.Build.0 = Release|Any CPU
		{AE0601B4-8ED7-44A9-8EA7-5F91DEB36AF1}.Debug|Any CPU.ActiveCfg = Debug|Any CPU
		{AE0601B4-8ED7-44A9-8EA7-5F91DEB36AF1}.Debug|Any CPU.Build.0 = Debug|Any CPU
		{AE0601B4-8ED7-44A9-8EA7-5F91DEB36AF1}.Release|Any CPU.ActiveCfg = Release|Any CPU
		{AE0601B4-8ED7-44A9-8EA7-5F91DEB36AF1}.Release|Any CPU.Build.0 = Release|Any CPU
		{3E850DB4-F08D-4A2E-A0FF-1BBDDD99CCE6}.Debug|Any CPU.ActiveCfg = Debug|Any CPU
		{3E850DB4-F08D-4A2E-A0FF-1BBDDD99CCE6}.Debug|Any CPU.Build.0 = Debug|Any CPU
		{3E850DB4-F08D-4A2E-A0FF-1BBDDD99CCE6}.Release|Any CPU.ActiveCfg = Release|Any CPU
		{3E850DB4-F08D-4A2E-A0FF-1BBDDD99CCE6}.Release|Any CPU.Build.0 = Release|Any CPU
		{9D31CA46-550E-4B07-951B-3BADDC90C77C}.Debug|Any CPU.ActiveCfg = Debug|Any CPU
		{9D31CA46-550E-4B07-951B-3BADDC90C77C}.Debug|Any CPU.Build.0 = Debug|Any CPU
		{9D31CA46-550E-4B07-951B-3BADDC90C77C}.Release|Any CPU.ActiveCfg = Release|Any CPU
		{9D31CA46-550E-4B07-951B-3BADDC90C77C}.Release|Any CPU.Build.0 = Release|Any CPU
		{4F0DA1CE-CB81-4D73-B0E9-E8EF358E7B27}.Debug|Any CPU.ActiveCfg = Debug|Any CPU
		{4F0DA1CE-CB81-4D73-B0E9-E8EF358E7B27}.Debug|Any CPU.Build.0 = Debug|Any CPU
		{4F0DA1CE-CB81-4D73-B0E9-E8EF358E7B27}.Release|Any CPU.ActiveCfg = Release|Any CPU
		{4F0DA1CE-CB81-4D73-B0E9-E8EF358E7B27}.Release|Any CPU.Build.0 = Release|Any CPU
		{E7E0EA06-B24A-4867-B748-AADCA97040C2}.Debug|Any CPU.ActiveCfg = Debug|Any CPU
		{E7E0EA06-B24A-4867-B748-AADCA97040C2}.Debug|Any CPU.Build.0 = Debug|Any CPU
		{E7E0EA06-B24A-4867-B748-AADCA97040C2}.Release|Any CPU.ActiveCfg = Release|Any CPU
		{E7E0EA06-B24A-4867-B748-AADCA97040C2}.Release|Any CPU.Build.0 = Release|Any CPU
		{40173ACB-423D-4EDF-A768-2C14734E110B}.Debug|Any CPU.ActiveCfg = Debug|Any CPU
		{40173ACB-423D-4EDF-A768-2C14734E110B}.Debug|Any CPU.Build.0 = Debug|Any CPU
		{40173ACB-423D-4EDF-A768-2C14734E110B}.Release|Any CPU.ActiveCfg = Release|Any CPU
		{40173ACB-423D-4EDF-A768-2C14734E110B}.Release|Any CPU.Build.0 = Release|Any CPU
		{7157457B-2007-4E96-BE14-9E28F685D867}.Debug|Any CPU.ActiveCfg = Debug|Any CPU
		{7157457B-2007-4E96-BE14-9E28F685D867}.Debug|Any CPU.Build.0 = Debug|Any CPU
		{7157457B-2007-4E96-BE14-9E28F685D867}.Release|Any CPU.ActiveCfg = Release|Any CPU
		{7157457B-2007-4E96-BE14-9E28F685D867}.Release|Any CPU.Build.0 = Release|Any CPU
	EndGlobalSection
	GlobalSection(SolutionProperties) = preSolution
		HideSolutionNode = FALSE
	EndGlobalSection
	GlobalSection(NestedProjects) = preSolution
		{6E9FFB4B-AFD8-4ABF-8686-2421B62EF1FA} = {D1F8751C-6EF8-486C-BC79-F1855BBF4673}
		{82316E8F-FD4B-4C70-8112-C8D8BDFD0E6B} = {6E9FFB4B-AFD8-4ABF-8686-2421B62EF1FA}
		{287D247B-9ABE-4803-ABB4-43FA64B00215} = {D1F8751C-6EF8-486C-BC79-F1855BBF4673}
		{AE0601B4-8ED7-44A9-8EA7-5F91DEB36AF1} = {287D247B-9ABE-4803-ABB4-43FA64B00215}
		{CBA1E0A7-76E5-4AB0-A531-0A25D9238599} = {D1F8751C-6EF8-486C-BC79-F1855BBF4673}
		{3E850DB4-F08D-4A2E-A0FF-1BBDDD99CCE6} = {CBA1E0A7-76E5-4AB0-A531-0A25D9238599}
		{9D31CA46-550E-4B07-951B-3BADDC90C77C} = {CBA1E0A7-76E5-4AB0-A531-0A25D9238599}
		{4F0DA1CE-CB81-4D73-B0E9-E8EF358E7B27} = {769A9322-7ED4-4278-9FD6-0DAEEE7D0788}
		{769A9322-7ED4-4278-9FD6-0DAEEE7D0788} = {D1F8751C-6EF8-486C-BC79-F1855BBF4673}
		{E7E0EA06-B24A-4867-B748-AADCA97040C2} = {769A9322-7ED4-4278-9FD6-0DAEEE7D0788}
		{40173ACB-423D-4EDF-A768-2C14734E110B} = {769A9322-7ED4-4278-9FD6-0DAEEE7D0788}
		{7157457B-2007-4E96-BE14-9E28F685D867} = {769A9322-7ED4-4278-9FD6-0DAEEE7D0788}
	EndGlobalSection
	GlobalSection(ExtensibilityGlobals) = postSolution
		SolutionGuid = {CBBACACF-FF48-42EC-8670-DFCEA5883757}
	EndGlobalSection
EndGlobal
